
Microsoft Visual Studio Solution File, Format Version 12.00
# Visual Studio Version 16
VisualStudioVersion = 16.0.29806.167
MinimumVisualStudioVersion = 10.0.40219.1
Project("{FAE04EC0-301F-11D3-BF4B-00C04F79EFBC}") = "VivacePonto.App", "VivacePonto\VivacePonto.App.csproj", "{1826D2AC-441E-4E84-A6E0-8CF58A03D9FC}"
EndProject
Global
	GlobalSection(SolutionConfigurationPlatforms) = preSolution
		Debug|Any CPU = Debug|Any CPU
		Release|Any CPU = Release|Any CPU
	EndGlobalSection
	GlobalSection(ProjectConfigurationPlatforms) = postSolution
		{1826D2AC-441E-4E84-A6E0-8CF58A03D9FC}.Debug|Any CPU.ActiveCfg = Debug|Any CPU
		{1826D2AC-441E-4E84-A6E0-8CF58A03D9FC}.Debug|Any CPU.Build.0 = Debug|Any CPU
		{1826D2AC-441E-4E84-A6E0-8CF58A03D9FC}.Release|Any CPU.ActiveCfg = Release|Any CPU
		{1826D2AC-441E-4E84-A6E0-8CF58A03D9FC}.Release|Any CPU.Build.0 = Release|Any CPU
	EndGlobalSection
	GlobalSection(SolutionProperties) = preSolution
		HideSolutionNode = FALSE
	EndGlobalSection
	GlobalSection(ExtensibilityGlobals) = postSolution
		SolutionGuid = {E72D77B2-B1DB-4659-B096-FE0B125A1BEB}
	EndGlobalSection
EndGlobal
